
Microsoft Visual Studio Solution File, Format Version 12.00
# Visual Studio Version 17
VisualStudioVersion = 17.11.35312.102
MinimumVisualStudioVersion = 10.0.40219.1
Project("{8BC9CEB8-8B4A-11D0-8D11-00A0C91BC942}") = "sr3_toi", "sr3_toi\sr3_toi.vcxproj", "{F68EBADB-8749-4A7E-BC8C-2629C77FDBA7}"
EndProject
Global
	GlobalSection(SolutionConfigurationPlatforms) = preSolution
		Debug|x64 = Debug|x64
		Debug|x86 = Debug|x86
		Release|x64 = Release|x64
		Release|x86 = Release|x86
	EndGlobalSection
	GlobalSection(ProjectConfigurationPlatforms) = postSolution
		{F68EBADB-8749-4A7E-BC8C-2629C77FDBA7}.Debug|x64.ActiveCfg = Debug|x64
		{F68EBADB-8749-4A7E-BC8C-2629C77FDBA7}.Debug|x64.Build.0 = Debug|x64
		{F68EBADB-8749-4A7E-BC8C-2629C77FDBA7}.Debug|x86.ActiveCfg = Debug|Win32
		{F68EBADB-8749-4A7E-BC8C-2629C77FDBA7}.Debug|x86.Build.0 = Debug|Win32
		{F68EBADB-8749-4A7E-BC8C-2629C77FDBA7}.Release|x64.ActiveCfg = Release|x64
		{F68EBADB-8749-4A7E-BC8C-2629C77FDBA7}.Release|x64.Build.0 = Release|x64
		{F68EBADB-8749-4A7E-BC8C-2629C77FDBA7}.Release|x86.ActiveCfg = Release|Win32
		{F68EBADB-8749-4A7E-BC8C-2629C77FDBA7}.Release|x86.Build.0 = Release|Win32
	EndGlobalSection
	GlobalSection(SolutionProperties) = preSolution
		HideSolutionNode = FALSE
	EndGlobalSection
	GlobalSection(ExtensibilityGlobals) = postSolution
		SolutionGuid = {F4725327-CB88-4B86-9350-42902407DBD3}
	EndGlobalSection
EndGlobal
